github.com/Shopify/sarama v1.4.3-0.20150717111415-094e48325104 h1:qyxKwHPBBUTllhYFE5HycRNKa/WhfwX9AmVCouaRvSo=
github.com/Shopify/sarama v1.4.3-0.20150717111415-094e48325104/go.mod h1:FVkBWblsNy7DGZRfXLU0O9RCGt5g3g3yEuWXgklEdEo=
github.com/Shopify/toxiproxy v2.1.4+incompatible h1:TKdv8HiTLgE5wdJuEML90aBgNWsokNbMijUGhmcoBJc=
github.com/Shopify/toxiproxy v2.1.4+incompatible/go.mod h1:OXgGpZ6Cli1/URJOF1DMxUHB2q5Ap20/P/eIdh4G0pI=
github.com/cihub/seelog v0.0.0-20151216151435-d2c6e5aa9fbf h1:XI2tOTCBqEnMyN2j1yPBI07yQHeywUSCEf8YWqf0oKw=
github.com/cihub/seelog v0.0.0-20151216151435-d2c6e5aa9fbf/go.mod h1:9d6lWj8KzO/fd/NrVaLscBKmPigpZpn5YawRPw+e3Yo=
github.com/eapache/go-resiliency v1.0.1-0.20160104191539-b86b1ec0dd42 h1:6obbp/qkZVAZ9jiUZFo5Oa+TXX2ztNDFYdVUUd9z7Cw=
github.com/eapache/go-resiliency v1.0.1-0.20160104191539-b86b1ec0dd42/go.mod h1:kFI+JgMyC7bLPUVY133qvEBtVayf5mFgVsvEsIPBvNs=
github.com/eapache/queue v1.0.2 h1:jRJXCx6uciOfN69MfZCC9EZlGRqqHhwlyb6GBeNow+c=
github.com/eapache/queue v1.0.2/go.mod h1:6eCeP0CKFpHLu8blIFXhExK/dRa7WDZfr6jVFPTqq+I=
github.com/elodina/go-avro v0.0.0-20160210092448-f343f06f4207 h1:xJTBONZMvIPifst3gzB+b9U9Gq4DEJQQ4WKRVx7tQxw=
github.com/elodina/go-avro v0.0.0-20160210092448-f343f06f4207/go.mod h1:3A7SOsr8WBIpkWUsqzMpR3tIQbanKqxZcis2GSl12Nk=
github.com/elodina/go-kafka-avro v0.0.0-20160208125837-98ec08f9cb18 h1:ftH0qUmOlSujXZjKr7gErm9iJqhIXV5Z2W39c+k1b5o=
github.com/elodina/go-kafka-avro v0.0.0-20160208125837-98ec08f9cb18/go.mod h1:z5hZMZ9gy20BI5BpG1qd7ZssNB2H8hDXnY5OjnX8TzE=
github.com/elodina/go_kafka_client v0.0.0-20160513083349-95d107b0c102 h1:06fzQKdFd38A+BH8Z3J5Fw31JaUJofAwidEP6gYH/Lg=
github.com/elodina/go_kafka_client v0.0.0-20160513083349-95d107b0c102/go.mod h1:WAkPn9WYfKm8t5gU0C2h24aR3VWJIhCImnIaJWF3YY0=
github.com/elodina/siesta v0.0.0-20160425091026-fea3d8822e87 h1:oIWibADYkQ8whNOr5SZih5kosy11jRQ7yhbe7CopV1Y=
github.com/elodina/siesta v0.0.0-20160425091026-fea3d8822e87/go.mod h1:NZFaY9bNDqZdBQM1glRlqTCIunZ1PX6r/lDmAHexWM4=
github.com/elodina/siesta-producer v0.0.0-20160323165051-a374fc36c515 h1:/N3gYW5m/vhOxo7UCrZBke6lpDVHC/VS/m3vAVjuO1g=
github.com/elodina/siesta-producer v0.0.0-20160323165051-a374fc36c515/go.mod h1:59ANGkmOk1q1hAlA4aOy9sLe8JD1j1NOjQnwxPAF7v4=
github.com/go-zookeeper/zk v1.0.2 h1:4mx0EYENAdX/B/rbunjlt5+4RTA/a9SMHBRuSKdGxPM=
github.com/go-zookeeper/zk v1.0.2/go.mod h1:nOB03cncLtlp4t+UAkGSV+9beXP/akpekBwL+UX1Qcw=
github.com/golang/snappy v0.0.0-20150730031844-723cc1e459b8 h1:HqOOL0dgInHBCZxrSdBjb6iLv1SvSjXAxkbJPsXViy0=
github.com/golang/snappy v0.0.0-20150730031844-723cc1e459b8/go.mod h1:/XxbfmMg8lxefKM7IXC3fBNl/7bRcc72aCRzEWrmP2Q=
github.com/rcrowley/go-metrics v0.0.0-20200313005456-10cdbea86bc0 h1:MkV+77GLUNo5oJ0jf870itWm3D0Sjh7+Za9gazKc5LQ=
github.com/rcrowley/go-metrics v0.0.0-20200313005456-10cdbea86bc0/go.mod h1:bCqnVzQkZxMG4s8nGwiZ5l3QUCyqpo9Y+/ZMZ9VjZe4=
github.com/samuel/go-zookeeper v0.0.0-20200724154423-2164a8ac840e h1:CGjiMQ0wMH4wtNWrlj6kiTbkPt2F3rbYnhGX6TWLfco=
github.com/samuel/go-zookeeper v0.0.0-20200724154423-2164a8ac840e/go.mod h1:gi+0XIa01GRL2eRQVjQkKGqKF3SF9vZR/HnPullcV2E=
github.com/yanzay/cfg v0.0.0-20160209125304-3b647091f880 h1:leKY/zrdTb7djUhT+utp9CMugVxS57wEgaemsbA/IC8=
github.com/yanzay/cfg v0.0.0-20160209125304-3b647091f880/go.mod h1:7Qc9Zv81NnPyZrBgDawv9kB2GcgW01BGa4cHtQ88dn4=
gopkg.in/cihub/seelog.v2 v2.0.0-20151216151435-d2c6e5aa9fbf h1:KFqj8Qwpd3ySp3Rw+YduLl7xIvimXJbElvwJGHMAlPo=
gopkg.in/cihub/seelog.v2 v2.0.0-20151216151435-d2c6e5aa9fbf/go.mod h1:cVsqGaRouogenrUxjqpdDSYclhsKDC154DsST3Dbwl8=
